
Microsoft Visual Studio Solution File, Format Version 12.00
# Visual Studio Version 16
VisualStudioVersion = 16.0.29411.108
MinimumVisualStudioVersion = 10.0.40219.1
Project("{2150E333-8FDC-42A3-9474-1A3956D46DE8}") = "Resources", "Resources", "{7C86C5C0-CA5D-4FB5-BD5C-4E007715E0AF}"
	ProjectSection(SolutionItems) = preProject
		Resources\icon.ico = Resources\icon.ico
		Resources\icon.png = Resources\icon.png
		Resources\icon.svg = Resources\icon.svg
	EndProjectSection
EndProject
Project("{9A19103F-16F7-4668-BE54-9A1E7A4F7556}") = "ComicsLibrary.Common", "ComicsLibrary.Common\ComicsLibrary.Common.csproj", "{0326EE97-BD7A-4217-84A1-2B2A11525F5C}"
EndProject
Project("{9A19103F-16F7-4668-BE54-9A1E7A4F7556}") = "ComicsLibrary.Data", "ComicsLibrary.Data\ComicsLibrary.Data.csproj", "{8F6E62D2-DB18-4D9B-A886-09BBCD6621DD}"
EndProject
Project("{9A19103F-16F7-4668-BE54-9A1E7A4F7556}") = "ComicsLibrary", "ComicsLibrary\ComicsLibrary.csproj", "{08DBEA65-A404-4C40-809D-26DE67844CE8}"
EndProject
Project("{9A19103F-16F7-4668-BE54-9A1E7A4F7556}") = "ComicsLibrary.Updater", "ComicsLibrary.Updater\ComicsLibrary.Updater.csproj", "{27D18F70-2EDA-44FD-A40B-C32A07D6A5C5}"
EndProject
Project("{9A19103F-16F7-4668-BE54-9A1E7A4F7556}") = "ComicsLibrary.API", "ComicsLibrary.API\ComicsLibrary.API.csproj", "{4C23ACBB-85B7-4EFA-B67F-B80FF4FD8D03}"
EndProject
Project("{9A19103F-16F7-4668-BE54-9A1E7A4F7556}") = "ComicsLibrary.PreDeployment", "ComicsLibrary.PreDeployment\ComicsLibrary.PreDeployment.csproj", "{1C4F5A51-AA44-4D7A-BF75-4EC32112EC9E}"
EndProject
Project("{9A19103F-16F7-4668-BE54-9A1E7A4F7556}") = "ComicsLibrary.PostDeployment", "ComicsLibrary.PostDeployment\ComicsLibrary.PostDeployment.csproj", "{70F96209-CBCA-4F4F-8792-F87D79B4F269}"
EndProject
Project("{2150E333-8FDC-42A3-9474-1A3956D46DE8}") = "LibrarySources", "LibrarySources", "{10B04887-0875-4057-912D-7BFA834D6475}"
EndProject
Project("{9A19103F-16F7-4668-BE54-9A1E7A4F7556}") = "ComicsLibrary.MarvelUnlimited", "ComicsLibrary.MarvelUnlimited\ComicsLibrary.MarvelUnlimited.csproj", "{0F079618-D716-4432-9C19-20A2B6C19C65}"
EndProject
Project("{9A19103F-16F7-4668-BE54-9A1E7A4F7556}") = "ComicsLibrary.AltSource", "ComicsLibrary.AltSource\ComicsLibrary.AltSource.csproj", "{CF77C359-B2C7-4736-9E16-B121915BD2EA}"
EndProject
Project("{9A19103F-16F7-4668-BE54-9A1E7A4F7556}") = "ComicsLibrary.SqlData", "ComicsLibrary.SqlData\ComicsLibrary.SqlData.csproj", "{E7F25AC1-EF1F-42DA-BDE6-1B2A04188468}"
EndProject
Project("{9A19103F-16F7-4668-BE54-9A1E7A4F7556}") = "ComicsLibrary.Blazor", "ComicsLibrary.Blazor\ComicsLibrary.Blazor.csproj", "{8D41D337-1F21-4864-876A-54D2EA93EA09}"
EndProject
Global
	GlobalSection(SolutionConfigurationPlatforms) = preSolution
		ComicsUpdater.Release|Any CPU = ComicsUpdater.Release|Any CPU
		Debug|Any CPU = Debug|Any CPU
		Release|Any CPU = Release|Any CPU
		RssUpdater.Release|Any CPU = RssUpdater.Release|Any CPU
		VM|Any CPU = VM|Any CPU
		Web.Release|Any CPU = Web.Release|Any CPU
	EndGlobalSection
	GlobalSection(ProjectConfigurationPlatforms) = postSolution
		{0326EE97-BD7A-4217-84A1-2B2A11525F5C}.ComicsUpdater.Release|Any CPU.ActiveCfg = Release|Any CPU
		{0326EE97-BD7A-4217-84A1-2B2A11525F5C}.ComicsUpdater.Release|Any CPU.Build.0 = Release|Any CPU
		{0326EE97-BD7A-4217-84A1-2B2A11525F5C}.Debug|Any CPU.ActiveCfg = Debug|Any CPU
		{0326EE97-BD7A-4217-84A1-2B2A11525F5C}.Debug|Any CPU.Build.0 = Debug|Any CPU
		{0326EE97-BD7A-4217-84A1-2B2A11525F5C}.Release|Any CPU.ActiveCfg = Release|Any CPU
		{0326EE97-BD7A-4217-84A1-2B2A11525F5C}.Release|Any CPU.Build.0 = Release|Any CPU
		{0326EE97-BD7A-4217-84A1-2B2A11525F5C}.RssUpdater.Release|Any CPU.ActiveCfg = Release|Any CPU
		{0326EE97-BD7A-4217-84A1-2B2A11525F5C}.RssUpdater.Release|Any CPU.Build.0 = Release|Any CPU
		{0326EE97-BD7A-4217-84A1-2B2A11525F5C}.VM|Any CPU.ActiveCfg = Debug|Any CPU
		{0326EE97-BD7A-4217-84A1-2B2A11525F5C}.VM|Any CPU.Build.0 = Debug|Any CPU
		{0326EE97-BD7A-4217-84A1-2B2A11525F5C}.Web.Release|Any CPU.ActiveCfg = Release|Any CPU
		{0326EE97-BD7A-4217-84A1-2B2A11525F5C}.Web.Release|Any CPU.Build.0 = Release|Any CPU
		{8F6E62D2-DB18-4D9B-A886-09BBCD6621DD}.ComicsUpdater.Release|Any CPU.ActiveCfg = Release|Any CPU
		{8F6E62D2-DB18-4D9B-A886-09BBCD6621DD}.ComicsUpdater.Release|Any CPU.Build.0 = Release|Any CPU
		{8F6E62D2-DB18-4D9B-A886-09BBCD6621DD}.Debug|Any CPU.ActiveCfg = Debug|Any CPU
		{8F6E62D2-DB18-4D9B-A886-09BBCD6621DD}.Debug|Any CPU.Build.0 = Debug|Any CPU
		{8F6E62D2-DB18-4D9B-A886-09BBCD6621DD}.Release|Any CPU.ActiveCfg = Release|Any CPU
		{8F6E62D2-DB18-4D9B-A886-09BBCD6621DD}.Release|Any CPU.Build.0 = Release|Any CPU
		{8F6E62D2-DB18-4D9B-A886-09BBCD6621DD}.RssUpdater.Release|Any CPU.ActiveCfg = Release|Any CPU
		{8F6E62D2-DB18-4D9B-A886-09BBCD6621DD}.RssUpdater.Release|Any CPU.Build.0 = Release|Any CPU
		{8F6E62D2-DB18-4D9B-A886-09BBCD6621DD}.VM|Any CPU.ActiveCfg = Debug|Any CPU
		{8F6E62D2-DB18-4D9B-A886-09BBCD6621DD}.VM|Any CPU.Build.0 = Debug|Any CPU
		{8F6E62D2-DB18-4D9B-A886-09BBCD6621DD}.Web.Release|Any CPU.ActiveCfg = Release|Any CPU
		{8F6E62D2-DB18-4D9B-A886-09BBCD6621DD}.Web.Release|Any CPU.Build.0 = Release|Any CPU
		{08DBEA65-A404-4C40-809D-26DE67844CE8}.ComicsUpdater.Release|Any CPU.ActiveCfg = Release|Any CPU
		{08DBEA65-A404-4C40-809D-26DE67844CE8}.ComicsUpdater.Release|Any CPU.Build.0 = Release|Any CPU
		{08DBEA65-A404-4C40-809D-26DE67844CE8}.Debug|Any CPU.ActiveCfg = Debug|Any CPU
		{08DBEA65-A404-4C40-809D-26DE67844CE8}.Debug|Any CPU.Build.0 = Debug|Any CPU
		{08DBEA65-A404-4C40-809D-26DE67844CE8}.Release|Any CPU.ActiveCfg = Release|Any CPU
		{08DBEA65-A404-4C40-809D-26DE67844CE8}.Release|Any CPU.Build.0 = Release|Any CPU
		{08DBEA65-A404-4C40-809D-26DE67844CE8}.RssUpdater.Release|Any CPU.ActiveCfg = Release|Any CPU
		{08DBEA65-A404-4C40-809D-26DE67844CE8}.RssUpdater.Release|Any CPU.Build.0 = Release|Any CPU
		{08DBEA65-A404-4C40-809D-26DE67844CE8}.VM|Any CPU.ActiveCfg = Debug|Any CPU
		{08DBEA65-A404-4C40-809D-26DE67844CE8}.VM|Any CPU.Build.0 = Debug|Any CPU
		{08DBEA65-A404-4C40-809D-26DE67844CE8}.Web.Release|Any CPU.ActiveCfg = Release|Any CPU
		{08DBEA65-A404-4C40-809D-26DE67844CE8}.Web.Release|Any CPU.Build.0 = Release|Any CPU
		{27D18F70-2EDA-44FD-A40B-C32A07D6A5C5}.ComicsUpdater.Release|Any CPU.ActiveCfg = Release|Any CPU
		{27D18F70-2EDA-44FD-A40B-C32A07D6A5C5}.ComicsUpdater.Release|Any CPU.Build.0 = Release|Any CPU
		{27D18F70-2EDA-44FD-A40B-C32A07D6A5C5}.Debug|Any CPU.ActiveCfg = Debug|Any CPU
		{27D18F70-2EDA-44FD-A40B-C32A07D6A5C5}.Debug|Any CPU.Build.0 = Debug|Any CPU
		{27D18F70-2EDA-44FD-A40B-C32A07D6A5C5}.Release|Any CPU.ActiveCfg = Release|Any CPU
		{27D18F70-2EDA-44FD-A40B-C32A07D6A5C5}.Release|Any CPU.Build.0 = Release|Any CPU
		{27D18F70-2EDA-44FD-A40B-C32A07D6A5C5}.RssUpdater.Release|Any CPU.ActiveCfg = Release|Any CPU
		{27D18F70-2EDA-44FD-A40B-C32A07D6A5C5}.RssUpdater.Release|Any CPU.Build.0 = Release|Any CPU
		{27D18F70-2EDA-44FD-A40B-C32A07D6A5C5}.VM|Any CPU.ActiveCfg = Debug|Any CPU
		{27D18F70-2EDA-44FD-A40B-C32A07D6A5C5}.VM|Any CPU.Build.0 = Debug|Any CPU
		{27D18F70-2EDA-44FD-A40B-C32A07D6A5C5}.Web.Release|Any CPU.ActiveCfg = Release|Any CPU
		{27D18F70-2EDA-44FD-A40B-C32A07D6A5C5}.Web.Release|Any CPU.Build.0 = Release|Any CPU
		{4C23ACBB-85B7-4EFA-B67F-B80FF4FD8D03}.ComicsUpdater.Release|Any CPU.ActiveCfg = Release|Any CPU
		{4C23ACBB-85B7-4EFA-B67F-B80FF4FD8D03}.ComicsUpdater.Release|Any CPU.Build.0 = Release|Any CPU
		{4C23ACBB-85B7-4EFA-B67F-B80FF4FD8D03}.Debug|Any CPU.ActiveCfg = Debug|Any CPU
		{4C23ACBB-85B7-4EFA-B67F-B80FF4FD8D03}.Debug|Any CPU.Build.0 = Debug|Any CPU
		{4C23ACBB-85B7-4EFA-B67F-B80FF4FD8D03}.Release|Any CPU.ActiveCfg = Release|Any CPU
		{4C23ACBB-85B7-4EFA-B67F-B80FF4FD8D03}.Release|Any CPU.Build.0 = Release|Any CPU
		{4C23ACBB-85B7-4EFA-B67F-B80FF4FD8D03}.RssUpdater.Release|Any CPU.ActiveCfg = Release|Any CPU
		{4C23ACBB-85B7-4EFA-B67F-B80FF4FD8D03}.RssUpdater.Release|Any CPU.Build.0 = Release|Any CPU
		{4C23ACBB-85B7-4EFA-B67F-B80FF4FD8D03}.VM|Any CPU.ActiveCfg = Debug|Any CPU
		{4C23ACBB-85B7-4EFA-B67F-B80FF4FD8D03}.VM|Any CPU.Build.0 = Debug|Any CPU
		{4C23ACBB-85B7-4EFA-B67F-B80FF4FD8D03}.Web.Release|Any CPU.ActiveCfg = Release|Any CPU
		{4C23ACBB-85B7-4EFA-B67F-B80FF4FD8D03}.Web.Release|Any CPU.Build.0 = Release|Any CPU
		{1C4F5A51-AA44-4D7A-BF75-4EC32112EC9E}.ComicsUpdater.Release|Any CPU.ActiveCfg = Release|Any CPU
		{1C4F5A51-AA44-4D7A-BF75-4EC32112EC9E}.ComicsUpdater.Release|Any CPU.Build.0 = Release|Any CPU
		{1C4F5A51-AA44-4D7A-BF75-4EC32112EC9E}.Debug|Any CPU.ActiveCfg = Debug|Any CPU
		{1C4F5A51-AA44-4D7A-BF75-4EC32112EC9E}.Debug|Any CPU.Build.0 = Debug|Any CPU
		{1C4F5A51-AA44-4D7A-BF75-4EC32112EC9E}.Release|Any CPU.ActiveCfg = Release|Any CPU
		{1C4F5A51-AA44-4D7A-BF75-4EC32112EC9E}.Release|Any CPU.Build.0 = Release|Any CPU
		{1C4F5A51-AA44-4D7A-BF75-4EC32112EC9E}.RssUpdater.Release|Any CPU.ActiveCfg = Release|Any CPU
		{1C4F5A51-AA44-4D7A-BF75-4EC32112EC9E}.RssUpdater.Release|Any CPU.Build.0 = Release|Any CPU
		{1C4F5A51-AA44-4D7A-BF75-4EC32112EC9E}.VM|Any CPU.ActiveCfg = Debug|Any CPU
		{1C4F5A51-AA44-4D7A-BF75-4EC32112EC9E}.VM|Any CPU.Build.0 = Debug|Any CPU
		{1C4F5A51-AA44-4D7A-BF75-4EC32112EC9E}.Web.Release|Any CPU.ActiveCfg = Release|Any CPU
		{1C4F5A51-AA44-4D7A-BF75-4EC32112EC9E}.Web.Release|Any CPU.Build.0 = Release|Any CPU
		{70F96209-CBCA-4F4F-8792-F87D79B4F269}.ComicsUpdater.Release|Any CPU.ActiveCfg = Release|Any CPU
		{70F96209-CBCA-4F4F-8792-F87D79B4F269}.ComicsUpdater.Release|Any CPU.Build.0 = Release|Any CPU
		{70F96209-CBCA-4F4F-8792-F87D79B4F269}.Debug|Any CPU.ActiveCfg = Debug|Any CPU
		{70F96209-CBCA-4F4F-8792-F87D79B4F269}.Debug|Any CPU.Build.0 = Debug|Any CPU
		{70F96209-CBCA-4F4F-8792-F87D79B4F269}.Release|Any CPU.ActiveCfg = Release|Any CPU
		{70F96209-CBCA-4F4F-8792-F87D79B4F269}.Release|Any CPU.Build.0 = Release|Any CPU
		{70F96209-CBCA-4F4F-8792-F87D79B4F269}.RssUpdater.Release|Any CPU.ActiveCfg = Release|Any CPU
		{70F96209-CBCA-4F4F-8792-F87D79B4F269}.RssUpdater.Release|Any CPU.Build.0 = Release|Any CPU
		{70F96209-CBCA-4F4F-8792-F87D79B4F269}.VM|Any CPU.ActiveCfg = Debug|Any CPU
		{70F96209-CBCA-4F4F-8792-F87D79B4F269}.VM|Any CPU.Build.0 = Debug|Any CPU
		{70F96209-CBCA-4F4F-8792-F87D79B4F269}.Web.Release|Any CPU.ActiveCfg = Release|Any CPU
		{70F96209-CBCA-4F4F-8792-F87D79B4F269}.Web.Release|Any CPU.Build.0 = Release|Any CPU
		{0F079618-D716-4432-9C19-20A2B6C19C65}.ComicsUpdater.Release|Any CPU.ActiveCfg = Release|Any CPU
		{0F079618-D716-4432-9C19-20A2B6C19C65}.ComicsUpdater.Release|Any CPU.Build.0 = Release|Any CPU
		{0F079618-D716-4432-9C19-20A2B6C19C65}.Debug|Any CPU.ActiveCfg = Debug|Any CPU
		{0F079618-D716-4432-9C19-20A2B6C19C65}.Debug|Any CPU.Build.0 = Debug|Any CPU
		{0F079618-D716-4432-9C19-20A2B6C19C65}.Release|Any CPU.ActiveCfg = Release|Any CPU
		{0F079618-D716-4432-9C19-20A2B6C19C65}.Release|Any CPU.Build.0 = Release|Any CPU
		{0F079618-D716-4432-9C19-20A2B6C19C65}.RssUpdater.Release|Any CPU.ActiveCfg = Release|Any CPU
		{0F079618-D716-4432-9C19-20A2B6C19C65}.RssUpdater.Release|Any CPU.Build.0 = Release|Any CPU
		{0F079618-D716-4432-9C19-20A2B6C19C65}.VM|Any CPU.ActiveCfg = Debug|Any CPU
		{0F079618-D716-4432-9C19-20A2B6C19C65}.VM|Any CPU.Build.0 = Debug|Any CPU
		{0F079618-D716-4432-9C19-20A2B6C19C65}.Web.Release|Any CPU.ActiveCfg = Release|Any CPU
		{0F079618-D716-4432-9C19-20A2B6C19C65}.Web.Release|Any CPU.Build.0 = Release|Any CPU
		{CF77C359-B2C7-4736-9E16-B121915BD2EA}.ComicsUpdater.Release|Any CPU.ActiveCfg = Release|Any CPU
		{CF77C359-B2C7-4736-9E16-B121915BD2EA}.ComicsUpdater.Release|Any CPU.Build.0 = Release|Any CPU
		{CF77C359-B2C7-4736-9E16-B121915BD2EA}.Debug|Any CPU.ActiveCfg = Debug|Any CPU
		{CF77C359-B2C7-4736-9E16-B121915BD2EA}.Debug|Any CPU.Build.0 = Debug|Any CPU
		{CF77C359-B2C7-4736-9E16-B121915BD2EA}.Release|Any CPU.ActiveCfg = Release|Any CPU
		{CF77C359-B2C7-4736-9E16-B121915BD2EA}.Release|Any CPU.Build.0 = Release|Any CPU
		{CF77C359-B2C7-4736-9E16-B121915BD2EA}.RssUpdater.Release|Any CPU.ActiveCfg = Release|Any CPU
		{CF77C359-B2C7-4736-9E16-B121915BD2EA}.RssUpdater.Release|Any CPU.Build.0 = Release|Any CPU
		{CF77C359-B2C7-4736-9E16-B121915BD2EA}.VM|Any CPU.ActiveCfg = Debug|Any CPU
		{CF77C359-B2C7-4736-9E16-B121915BD2EA}.VM|Any CPU.Build.0 = Debug|Any CPU
		{CF77C359-B2C7-4736-9E16-B121915BD2EA}.Web.Release|Any CPU.ActiveCfg = Release|Any CPU
		{CF77C359-B2C7-4736-9E16-B121915BD2EA}.Web.Release|Any CPU.Build.0 = Release|Any CPU
		{E7F25AC1-EF1F-42DA-BDE6-1B2A04188468}.ComicsUpdater.Release|Any CPU.ActiveCfg = Release|Any CPU
		{E7F25AC1-EF1F-42DA-BDE6-1B2A04188468}.ComicsUpdater.Release|Any CPU.Build.0 = Release|Any CPU
		{E7F25AC1-EF1F-42DA-BDE6-1B2A04188468}.Debug|Any CPU.ActiveCfg = Debug|Any CPU
		{E7F25AC1-EF1F-42DA-BDE6-1B2A04188468}.Debug|Any CPU.Build.0 = Debug|Any CPU
		{E7F25AC1-EF1F-42DA-BDE6-1B2A04188468}.Release|Any CPU.ActiveCfg = Release|Any CPU
		{E7F25AC1-EF1F-42DA-BDE6-1B2A04188468}.Release|Any CPU.Build.0 = Release|Any CPU
		{E7F25AC1-EF1F-42DA-BDE6-1B2A04188468}.RssUpdater.Release|Any CPU.ActiveCfg = Release|Any CPU
		{E7F25AC1-EF1F-42DA-BDE6-1B2A04188468}.RssUpdater.Release|Any CPU.Build.0 = Release|Any CPU
		{E7F25AC1-EF1F-42DA-BDE6-1B2A04188468}.VM|Any CPU.ActiveCfg = Debug|Any CPU
		{E7F25AC1-EF1F-42DA-BDE6-1B2A04188468}.VM|Any CPU.Build.0 = Debug|Any CPU
		{E7F25AC1-EF1F-42DA-BDE6-1B2A04188468}.Web.Release|Any CPU.ActiveCfg = Release|Any CPU
		{E7F25AC1-EF1F-42DA-BDE6-1B2A04188468}.Web.Release|Any CPU.Build.0 = Release|Any CPU
		{8D41D337-1F21-4864-876A-54D2EA93EA09}.ComicsUpdater.Release|Any CPU.ActiveCfg = Release|Any CPU
		{8D41D337-1F21-4864-876A-54D2EA93EA09}.ComicsUpdater.Release|Any CPU.Build.0 = Release|Any CPU
		{8D41D337-1F21-4864-876A-54D2EA93EA09}.Debug|Any CPU.ActiveCfg = Debug|Any CPU
		{8D41D337-1F21-4864-876A-54D2EA93EA09}.Debug|Any CPU.Build.0 = Debug|Any CPU
		{8D41D337-1F21-4864-876A-54D2EA93EA09}.Release|Any CPU.ActiveCfg = Release|Any CPU
		{8D41D337-1F21-4864-876A-54D2EA93EA09}.Release|Any CPU.Build.0 = Release|Any CPU
		{8D41D337-1F21-4864-876A-54D2EA93EA09}.RssUpdater.Release|Any CPU.ActiveCfg = Release|Any CPU
		{8D41D337-1F21-4864-876A-54D2EA93EA09}.RssUpdater.Release|Any CPU.Build.0 = Release|Any CPU
		{8D41D337-1F21-4864-876A-54D2EA93EA09}.VM|Any CPU.ActiveCfg = Debug|Any CPU
		{8D41D337-1F21-4864-876A-54D2EA93EA09}.VM|Any CPU.Build.0 = Debug|Any CPU
		{8D41D337-1F21-4864-876A-54D2EA93EA09}.Web.Release|Any CPU.ActiveCfg = Release|Any CPU
		{8D41D337-1F21-4864-876A-54D2EA93EA09}.Web.Release|Any CPU.Build.0 = Release|Any CPU
	EndGlobalSection
	GlobalSection(SolutionProperties) = preSolution
		HideSolutionNode = FALSE
	EndGlobalSection
	GlobalSection(NestedProjects) = preSolution
		{0F079618-D716-4432-9C19-20A2B6C19C65} = {10B04887-0875-4057-912D-7BFA834D6475}
		{CF77C359-B2C7-4736-9E16-B121915BD2EA} = {10B04887-0875-4057-912D-7BFA834D6475}
	EndGlobalSection
	GlobalSection(ExtensibilityGlobals) = postSolution
		SolutionGuid = {92332BAA-1EB3-4CD8-A636-482806952F67}
	EndGlobalSection
EndGlobal
