
Microsoft Visual Studio Solution File, Format Version 12.00
# Visual Studio Version 16
VisualStudioVersion = 16.0.29411.108
MinimumVisualStudioVersion = 10.0.40219.1
Project("{2150E333-8FDC-42A3-9474-1A3956D46DE8}") = "DeploymentTools", "DeploymentTools", "{812096E7-76E8-46DD-8908-F86EE4A028CE}"
	ProjectSection(SolutionItems) = preProject
		DeploymentTools\AppSetUp.ps1 = DeploymentTools\AppSetUp.ps1
		DeploymentTools\RunDatabaseMigrater.ps1 = DeploymentTools\RunDatabaseMigrater.ps1
		DeploymentTools\SetupTools.psm1 = DeploymentTools\SetupTools.psm1
		DeploymentTools\UserRights.psm1 = DeploymentTools\UserRights.psm1
	EndProjectSection
EndProject
Project("{2150E333-8FDC-42A3-9474-1A3956D46DE8}") = "Resources", "Resources", "{7C86C5C0-CA5D-4FB5-BD5C-4E007715E0AF}"
	ProjectSection(SolutionItems) = preProject
		Resources\icon.ico = Resources\icon.ico
		Resources\icon.png = Resources\icon.png
		Resources\icon.svg = Resources\icon.svg
	EndProjectSection
EndProject
Project("{9A19103F-16F7-4668-BE54-9A1E7A4F7556}") = "ComicsLibrary.Common", "ComicsLibrary.Common\ComicsLibrary.Common.csproj", "{0326EE97-BD7A-4217-84A1-2B2A11525F5C}"
EndProject
Project("{9A19103F-16F7-4668-BE54-9A1E7A4F7556}") = "ComicsLibrary.Services", "ComicsLibrary.Services\ComicsLibrary.Services.csproj", "{68E2083F-09D8-434E-A00E-52E51CA73B16}"
EndProject
Project("{9A19103F-16F7-4668-BE54-9A1E7A4F7556}") = "ComicsLibrary.Data", "ComicsLibrary.Data\ComicsLibrary.Data.csproj", "{8F6E62D2-DB18-4D9B-A886-09BBCD6621DD}"
EndProject
Project("{9A19103F-16F7-4668-BE54-9A1E7A4F7556}") = "ComicsLibrary", "ComicsLibrary\ComicsLibrary.csproj", "{08DBEA65-A404-4C40-809D-26DE67844CE8}"
EndProject
Project("{9A19103F-16F7-4668-BE54-9A1E7A4F7556}") = "ComicsLibrary.MarvelApi", "ComicsLibrary.MarvelApi\ComicsLibrary.MarvelApi.csproj", "{44CEEFB4-0708-4A62-A16B-6760BE0E17A2}"
EndProject
Project("{9A19103F-16F7-4668-BE54-9A1E7A4F7556}") = "ComicsLibrary.Mapper", "ComicsLibrary.Mapper\ComicsLibrary.Mapper.csproj", "{15FDD981-B37E-4E71-AD84-893F14295272}"
EndProject
Project("{9A19103F-16F7-4668-BE54-9A1E7A4F7556}") = "ComicsLibrary.Updater", "ComicsLibrary.Updater\ComicsLibrary.Updater.csproj", "{27D18F70-2EDA-44FD-A40B-C32A07D6A5C5}"
EndProject
Project("{9A19103F-16F7-4668-BE54-9A1E7A4F7556}") = "DatabaseMigrater", "DatabaseMigrater\DatabaseMigrater.csproj", "{5C03F421-B044-416B-AFA2-5E231003E7AF}"
EndProject
Global
	GlobalSection(SolutionConfigurationPlatforms) = preSolution
		ComicsUpdater.Release|Any CPU = ComicsUpdater.Release|Any CPU
		Debug|Any CPU = Debug|Any CPU
		Release|Any CPU = Release|Any CPU
		RssUpdater.Release|Any CPU = RssUpdater.Release|Any CPU
		VM|Any CPU = VM|Any CPU
		Web.Release|Any CPU = Web.Release|Any CPU
	EndGlobalSection
	GlobalSection(ProjectConfigurationPlatforms) = postSolution
		{0326EE97-BD7A-4217-84A1-2B2A11525F5C}.ComicsUpdater.Release|Any CPU.ActiveCfg = Release|Any CPU
		{0326EE97-BD7A-4217-84A1-2B2A11525F5C}.ComicsUpdater.Release|Any CPU.Build.0 = Release|Any CPU
		{0326EE97-BD7A-4217-84A1-2B2A11525F5C}.Debug|Any CPU.ActiveCfg = Debug|Any CPU
		{0326EE97-BD7A-4217-84A1-2B2A11525F5C}.Debug|Any CPU.Build.0 = Debug|Any CPU
		{0326EE97-BD7A-4217-84A1-2B2A11525F5C}.Release|Any CPU.ActiveCfg = Release|Any CPU
		{0326EE97-BD7A-4217-84A1-2B2A11525F5C}.Release|Any CPU.Build.0 = Release|Any CPU
		{0326EE97-BD7A-4217-84A1-2B2A11525F5C}.RssUpdater.Release|Any CPU.ActiveCfg = Release|Any CPU
		{0326EE97-BD7A-4217-84A1-2B2A11525F5C}.RssUpdater.Release|Any CPU.Build.0 = Release|Any CPU
		{0326EE97-BD7A-4217-84A1-2B2A11525F5C}.VM|Any CPU.ActiveCfg = Debug|Any CPU
		{0326EE97-BD7A-4217-84A1-2B2A11525F5C}.VM|Any CPU.Build.0 = Debug|Any CPU
		{0326EE97-BD7A-4217-84A1-2B2A11525F5C}.Web.Release|Any CPU.ActiveCfg = Release|Any CPU
		{0326EE97-BD7A-4217-84A1-2B2A11525F5C}.Web.Release|Any CPU.Build.0 = Release|Any CPU
		{68E2083F-09D8-434E-A00E-52E51CA73B16}.ComicsUpdater.Release|Any CPU.ActiveCfg = Release|Any CPU
		{68E2083F-09D8-434E-A00E-52E51CA73B16}.ComicsUpdater.Release|Any CPU.Build.0 = Release|Any CPU
		{68E2083F-09D8-434E-A00E-52E51CA73B16}.Debug|Any CPU.ActiveCfg = Debug|Any CPU
		{68E2083F-09D8-434E-A00E-52E51CA73B16}.Debug|Any CPU.Build.0 = Debug|Any CPU
		{68E2083F-09D8-434E-A00E-52E51CA73B16}.Release|Any CPU.ActiveCfg = Release|Any CPU
		{68E2083F-09D8-434E-A00E-52E51CA73B16}.Release|Any CPU.Build.0 = Release|Any CPU
		{68E2083F-09D8-434E-A00E-52E51CA73B16}.RssUpdater.Release|Any CPU.ActiveCfg = Release|Any CPU
		{68E2083F-09D8-434E-A00E-52E51CA73B16}.RssUpdater.Release|Any CPU.Build.0 = Release|Any CPU
		{68E2083F-09D8-434E-A00E-52E51CA73B16}.VM|Any CPU.ActiveCfg = Debug|Any CPU
		{68E2083F-09D8-434E-A00E-52E51CA73B16}.VM|Any CPU.Build.0 = Debug|Any CPU
		{68E2083F-09D8-434E-A00E-52E51CA73B16}.Web.Release|Any CPU.ActiveCfg = Release|Any CPU
		{68E2083F-09D8-434E-A00E-52E51CA73B16}.Web.Release|Any CPU.Build.0 = Release|Any CPU
		{8F6E62D2-DB18-4D9B-A886-09BBCD6621DD}.ComicsUpdater.Release|Any CPU.ActiveCfg = Release|Any CPU
		{8F6E62D2-DB18-4D9B-A886-09BBCD6621DD}.ComicsUpdater.Release|Any CPU.Build.0 = Release|Any CPU
		{8F6E62D2-DB18-4D9B-A886-09BBCD6621DD}.Debug|Any CPU.ActiveCfg = Debug|Any CPU
		{8F6E62D2-DB18-4D9B-A886-09BBCD6621DD}.Debug|Any CPU.Build.0 = Debug|Any CPU
		{8F6E62D2-DB18-4D9B-A886-09BBCD6621DD}.Release|Any CPU.ActiveCfg = Release|Any CPU
		{8F6E62D2-DB18-4D9B-A886-09BBCD6621DD}.Release|Any CPU.Build.0 = Release|Any CPU
		{8F6E62D2-DB18-4D9B-A886-09BBCD6621DD}.RssUpdater.Release|Any CPU.ActiveCfg = Release|Any CPU
		{8F6E62D2-DB18-4D9B-A886-09BBCD6621DD}.RssUpdater.Release|Any CPU.Build.0 = Release|Any CPU
		{8F6E62D2-DB18-4D9B-A886-09BBCD6621DD}.VM|Any CPU.ActiveCfg = Debug|Any CPU
		{8F6E62D2-DB18-4D9B-A886-09BBCD6621DD}.VM|Any CPU.Build.0 = Debug|Any CPU
		{8F6E62D2-DB18-4D9B-A886-09BBCD6621DD}.Web.Release|Any CPU.ActiveCfg = Release|Any CPU
		{8F6E62D2-DB18-4D9B-A886-09BBCD6621DD}.Web.Release|Any CPU.Build.0 = Release|Any CPU
		{08DBEA65-A404-4C40-809D-26DE67844CE8}.ComicsUpdater.Release|Any CPU.ActiveCfg = Release|Any CPU
		{08DBEA65-A404-4C40-809D-26DE67844CE8}.ComicsUpdater.Release|Any CPU.Build.0 = Release|Any CPU
		{08DBEA65-A404-4C40-809D-26DE67844CE8}.Debug|Any CPU.ActiveCfg = Debug|Any CPU
		{08DBEA65-A404-4C40-809D-26DE67844CE8}.Debug|Any CPU.Build.0 = Debug|Any CPU
		{08DBEA65-A404-4C40-809D-26DE67844CE8}.Release|Any CPU.ActiveCfg = Release|Any CPU
		{08DBEA65-A404-4C40-809D-26DE67844CE8}.Release|Any CPU.Build.0 = Release|Any CPU
		{08DBEA65-A404-4C40-809D-26DE67844CE8}.RssUpdater.Release|Any CPU.ActiveCfg = Release|Any CPU
		{08DBEA65-A404-4C40-809D-26DE67844CE8}.RssUpdater.Release|Any CPU.Build.0 = Release|Any CPU
		{08DBEA65-A404-4C40-809D-26DE67844CE8}.VM|Any CPU.ActiveCfg = Debug|Any CPU
		{08DBEA65-A404-4C40-809D-26DE67844CE8}.VM|Any CPU.Build.0 = Debug|Any CPU
		{08DBEA65-A404-4C40-809D-26DE67844CE8}.Web.Release|Any CPU.ActiveCfg = Release|Any CPU
		{08DBEA65-A404-4C40-809D-26DE67844CE8}.Web.Release|Any CPU.Build.0 = Release|Any CPU
		{44CEEFB4-0708-4A62-A16B-6760BE0E17A2}.ComicsUpdater.Release|Any CPU.ActiveCfg = Release|Any CPU
		{44CEEFB4-0708-4A62-A16B-6760BE0E17A2}.ComicsUpdater.Release|Any CPU.Build.0 = Release|Any CPU
		{44CEEFB4-0708-4A62-A16B-6760BE0E17A2}.Debug|Any CPU.ActiveCfg = Debug|Any CPU
		{44CEEFB4-0708-4A62-A16B-6760BE0E17A2}.Debug|Any CPU.Build.0 = Debug|Any CPU
		{44CEEFB4-0708-4A62-A16B-6760BE0E17A2}.Release|Any CPU.ActiveCfg = Release|Any CPU
		{44CEEFB4-0708-4A62-A16B-6760BE0E17A2}.Release|Any CPU.Build.0 = Release|Any CPU
		{44CEEFB4-0708-4A62-A16B-6760BE0E17A2}.RssUpdater.Release|Any CPU.ActiveCfg = Release|Any CPU
		{44CEEFB4-0708-4A62-A16B-6760BE0E17A2}.RssUpdater.Release|Any CPU.Build.0 = Release|Any CPU
		{44CEEFB4-0708-4A62-A16B-6760BE0E17A2}.VM|Any CPU.ActiveCfg = Debug|Any CPU
		{44CEEFB4-0708-4A62-A16B-6760BE0E17A2}.VM|Any CPU.Build.0 = Debug|Any CPU
		{44CEEFB4-0708-4A62-A16B-6760BE0E17A2}.Web.Release|Any CPU.ActiveCfg = Release|Any CPU
		{44CEEFB4-0708-4A62-A16B-6760BE0E17A2}.Web.Release|Any CPU.Build.0 = Release|Any CPU
		{15FDD981-B37E-4E71-AD84-893F14295272}.ComicsUpdater.Release|Any CPU.ActiveCfg = Release|Any CPU
		{15FDD981-B37E-4E71-AD84-893F14295272}.ComicsUpdater.Release|Any CPU.Build.0 = Release|Any CPU
		{15FDD981-B37E-4E71-AD84-893F14295272}.Debug|Any CPU.ActiveCfg = Debug|Any CPU
		{15FDD981-B37E-4E71-AD84-893F14295272}.Debug|Any CPU.Build.0 = Debug|Any CPU
		{15FDD981-B37E-4E71-AD84-893F14295272}.Release|Any CPU.ActiveCfg = Release|Any CPU
		{15FDD981-B37E-4E71-AD84-893F14295272}.Release|Any CPU.Build.0 = Release|Any CPU
		{15FDD981-B37E-4E71-AD84-893F14295272}.RssUpdater.Release|Any CPU.ActiveCfg = Release|Any CPU
		{15FDD981-B37E-4E71-AD84-893F14295272}.RssUpdater.Release|Any CPU.Build.0 = Release|Any CPU
		{15FDD981-B37E-4E71-AD84-893F14295272}.VM|Any CPU.ActiveCfg = Debug|Any CPU
		{15FDD981-B37E-4E71-AD84-893F14295272}.VM|Any CPU.Build.0 = Debug|Any CPU
		{15FDD981-B37E-4E71-AD84-893F14295272}.Web.Release|Any CPU.ActiveCfg = Release|Any CPU
		{15FDD981-B37E-4E71-AD84-893F14295272}.Web.Release|Any CPU.Build.0 = Release|Any CPU
		{27D18F70-2EDA-44FD-A40B-C32A07D6A5C5}.ComicsUpdater.Release|Any CPU.ActiveCfg = Release|Any CPU
		{27D18F70-2EDA-44FD-A40B-C32A07D6A5C5}.ComicsUpdater.Release|Any CPU.Build.0 = Release|Any CPU
		{27D18F70-2EDA-44FD-A40B-C32A07D6A5C5}.Debug|Any CPU.ActiveCfg = Debug|Any CPU
		{27D18F70-2EDA-44FD-A40B-C32A07D6A5C5}.Debug|Any CPU.Build.0 = Debug|Any CPU
		{27D18F70-2EDA-44FD-A40B-C32A07D6A5C5}.Release|Any CPU.ActiveCfg = Release|Any CPU
		{27D18F70-2EDA-44FD-A40B-C32A07D6A5C5}.Release|Any CPU.Build.0 = Release|Any CPU
		{27D18F70-2EDA-44FD-A40B-C32A07D6A5C5}.RssUpdater.Release|Any CPU.ActiveCfg = Release|Any CPU
		{27D18F70-2EDA-44FD-A40B-C32A07D6A5C5}.RssUpdater.Release|Any CPU.Build.0 = Release|Any CPU
		{27D18F70-2EDA-44FD-A40B-C32A07D6A5C5}.VM|Any CPU.ActiveCfg = Debug|Any CPU
		{27D18F70-2EDA-44FD-A40B-C32A07D6A5C5}.VM|Any CPU.Build.0 = Debug|Any CPU
		{27D18F70-2EDA-44FD-A40B-C32A07D6A5C5}.Web.Release|Any CPU.ActiveCfg = Release|Any CPU
		{27D18F70-2EDA-44FD-A40B-C32A07D6A5C5}.Web.Release|Any CPU.Build.0 = Release|Any CPU
		{5C03F421-B044-416B-AFA2-5E231003E7AF}.ComicsUpdater.Release|Any CPU.ActiveCfg = Release|Any CPU
		{5C03F421-B044-416B-AFA2-5E231003E7AF}.ComicsUpdater.Release|Any CPU.Build.0 = Release|Any CPU
		{5C03F421-B044-416B-AFA2-5E231003E7AF}.Debug|Any CPU.ActiveCfg = Debug|Any CPU
		{5C03F421-B044-416B-AFA2-5E231003E7AF}.Debug|Any CPU.Build.0 = Debug|Any CPU
		{5C03F421-B044-416B-AFA2-5E231003E7AF}.Release|Any CPU.ActiveCfg = Release|Any CPU
		{5C03F421-B044-416B-AFA2-5E231003E7AF}.Release|Any CPU.Build.0 = Release|Any CPU
		{5C03F421-B044-416B-AFA2-5E231003E7AF}.RssUpdater.Release|Any CPU.ActiveCfg = Release|Any CPU
		{5C03F421-B044-416B-AFA2-5E231003E7AF}.RssUpdater.Release|Any CPU.Build.0 = Release|Any CPU
		{5C03F421-B044-416B-AFA2-5E231003E7AF}.VM|Any CPU.ActiveCfg = Debug|Any CPU
		{5C03F421-B044-416B-AFA2-5E231003E7AF}.VM|Any CPU.Build.0 = Debug|Any CPU
		{5C03F421-B044-416B-AFA2-5E231003E7AF}.Web.Release|Any CPU.ActiveCfg = Release|Any CPU
		{5C03F421-B044-416B-AFA2-5E231003E7AF}.Web.Release|Any CPU.Build.0 = Release|Any CPU
	EndGlobalSection
	GlobalSection(SolutionProperties) = preSolution
		HideSolutionNode = FALSE
	EndGlobalSection
	GlobalSection(ExtensibilityGlobals) = postSolution
		SolutionGuid = {92332BAA-1EB3-4CD8-A636-482806952F67}
	EndGlobalSection
EndGlobal
