
Microsoft Visual Studio Solution File, Format Version 12.00
# Visual Studio Version 16
VisualStudioVersion = 16.0.29411.108
MinimumVisualStudioVersion = 10.0.40219.1
Project("{FAE04EC0-301F-11D3-BF4B-00C04F79EFBC}") = "ComicsLibrary1", "ComicsLibrary1\ComicsLibrary1.csproj", "{F8CBADF6-AF6A-4042-9355-9596DA959AFC}"
EndProject
Project("{FAE04EC0-301F-11D3-BF4B-00C04F79EFBC}") = "ComicsLibrary1.Common", "ComicsLibrary1.Common\ComicsLibrary1.Common.csproj", "{758894C3-4470-48B0-A0C4-DF487C815817}"
EndProject
Project("{FAE04EC0-301F-11D3-BF4B-00C04F79EFBC}") = "ComicsLibrary1.Data.Contracts", "ComicsLibrary1.Contracts\ComicsLibrary1.Data.Contracts.csproj", "{BB418CB3-9453-424C-AACB-23C30064FCB6}"
EndProject
Project("{FAE04EC0-301F-11D3-BF4B-00C04F79EFBC}") = "ComicsLibrary1.Data", "ComicsLibrary1.Data\ComicsLibrary1.Data.csproj", "{875D3531-29A5-4CD3-8770-44CBCE5C35BD}"
EndProject
Project("{FAE04EC0-301F-11D3-BF4B-00C04F79EFBC}") = "ComicsLibrary1.Mapper", "ComicsLibrary1.Mapper\ComicsLibrary1.Mapper.csproj", "{A3D32AF0-700C-4506-9AF2-7C2987A1BF0C}"
EndProject
Project("{FAE04EC0-301F-11D3-BF4B-00C04F79EFBC}") = "ComicsLibrary1.MarvelApi", "ComicsLibrary1.MarvelApi\ComicsLibrary1.MarvelApi.csproj", "{EC755B89-A04A-4B4C-9CA0-B8E7D6FC81D5}"
EndProject
Project("{FAE04EC0-301F-11D3-BF4B-00C04F79EFBC}") = "ComicsLibrary1.Services", "ComicsLibrary1.Services\ComicsLibrary1.Services.csproj", "{4C29CE59-376F-4348-968D-11E67C851D53}"
EndProject
Project("{FAE04EC0-301F-11D3-BF4B-00C04F79EFBC}") = "ComicsLibrary1.Updater", "ComicsLibrary1.Updater\ComicsLibrary1.Updater.csproj", "{6D7E0BD9-7FE8-40D6-A258-8DA736598ED1}"
EndProject
Project("{FAE04EC0-301F-11D3-BF4B-00C04F79EFBC}") = "DatabaseMigrater", "DatabaseMigrater\DatabaseMigrater.csproj", "{779BF539-C513-4ACA-B969-00B960DF54C6}"
EndProject
Project("{2150E333-8FDC-42A3-9474-1A3956D46DE8}") = "DeploymentTools", "DeploymentTools", "{812096E7-76E8-46DD-8908-F86EE4A028CE}"
	ProjectSection(SolutionItems) = preProject
		DeploymentTools\AppSetUp.ps1 = DeploymentTools\AppSetUp.ps1
		DeploymentTools\RunDatabaseMigrater.ps1 = DeploymentTools\RunDatabaseMigrater.ps1
		DeploymentTools\SetupTools.psm1 = DeploymentTools\SetupTools.psm1
		DeploymentTools\UserRights.psm1 = DeploymentTools\UserRights.psm1
	EndProjectSection
EndProject
Project("{2150E333-8FDC-42A3-9474-1A3956D46DE8}") = "Resources", "Resources", "{7C86C5C0-CA5D-4FB5-BD5C-4E007715E0AF}"
	ProjectSection(SolutionItems) = preProject
		Resources\icon.ico = Resources\icon.ico
		Resources\icon.png = Resources\icon.png
		Resources\icon.svg = Resources\icon.svg
	EndProjectSection
EndProject
Global
	GlobalSection(SolutionConfigurationPlatforms) = preSolution
		ComicsUpdater.Release|Any CPU = ComicsUpdater.Release|Any CPU
		Debug|Any CPU = Debug|Any CPU
		Release|Any CPU = Release|Any CPU
		RssUpdater.Release|Any CPU = RssUpdater.Release|Any CPU
		VM|Any CPU = VM|Any CPU
		Web.Release|Any CPU = Web.Release|Any CPU
	EndGlobalSection
	GlobalSection(ProjectConfigurationPlatforms) = postSolution
		{F8CBADF6-AF6A-4042-9355-9596DA959AFC}.ComicsUpdater.Release|Any CPU.ActiveCfg = Release|Any CPU
		{F8CBADF6-AF6A-4042-9355-9596DA959AFC}.ComicsUpdater.Release|Any CPU.Build.0 = Release|Any CPU
		{F8CBADF6-AF6A-4042-9355-9596DA959AFC}.Debug|Any CPU.ActiveCfg = Debug|Any CPU
		{F8CBADF6-AF6A-4042-9355-9596DA959AFC}.Debug|Any CPU.Build.0 = Debug|Any CPU
		{F8CBADF6-AF6A-4042-9355-9596DA959AFC}.Release|Any CPU.ActiveCfg = Release|Any CPU
		{F8CBADF6-AF6A-4042-9355-9596DA959AFC}.Release|Any CPU.Build.0 = Release|Any CPU
		{F8CBADF6-AF6A-4042-9355-9596DA959AFC}.RssUpdater.Release|Any CPU.ActiveCfg = Release|Any CPU
		{F8CBADF6-AF6A-4042-9355-9596DA959AFC}.RssUpdater.Release|Any CPU.Build.0 = Release|Any CPU
		{F8CBADF6-AF6A-4042-9355-9596DA959AFC}.VM|Any CPU.ActiveCfg = Release|Any CPU
		{F8CBADF6-AF6A-4042-9355-9596DA959AFC}.VM|Any CPU.Build.0 = Release|Any CPU
		{F8CBADF6-AF6A-4042-9355-9596DA959AFC}.Web.Release|Any CPU.ActiveCfg = Release|Any CPU
		{F8CBADF6-AF6A-4042-9355-9596DA959AFC}.Web.Release|Any CPU.Build.0 = Release|Any CPU
		{758894C3-4470-48B0-A0C4-DF487C815817}.ComicsUpdater.Release|Any CPU.ActiveCfg = ComicsUpdater.Release|Any CPU
		{758894C3-4470-48B0-A0C4-DF487C815817}.ComicsUpdater.Release|Any CPU.Build.0 = ComicsUpdater.Release|Any CPU
		{758894C3-4470-48B0-A0C4-DF487C815817}.Debug|Any CPU.ActiveCfg = Debug|Any CPU
		{758894C3-4470-48B0-A0C4-DF487C815817}.Debug|Any CPU.Build.0 = Debug|Any CPU
		{758894C3-4470-48B0-A0C4-DF487C815817}.Release|Any CPU.ActiveCfg = Release|Any CPU
		{758894C3-4470-48B0-A0C4-DF487C815817}.Release|Any CPU.Build.0 = Release|Any CPU
		{758894C3-4470-48B0-A0C4-DF487C815817}.RssUpdater.Release|Any CPU.ActiveCfg = RssUpdater.Release|Any CPU
		{758894C3-4470-48B0-A0C4-DF487C815817}.RssUpdater.Release|Any CPU.Build.0 = RssUpdater.Release|Any CPU
		{758894C3-4470-48B0-A0C4-DF487C815817}.VM|Any CPU.ActiveCfg = VM|Any CPU
		{758894C3-4470-48B0-A0C4-DF487C815817}.VM|Any CPU.Build.0 = VM|Any CPU
		{758894C3-4470-48B0-A0C4-DF487C815817}.Web.Release|Any CPU.ActiveCfg = Web.Release|Any CPU
		{758894C3-4470-48B0-A0C4-DF487C815817}.Web.Release|Any CPU.Build.0 = Web.Release|Any CPU
		{BB418CB3-9453-424C-AACB-23C30064FCB6}.ComicsUpdater.Release|Any CPU.ActiveCfg = ComicsUpdater.Release|Any CPU
		{BB418CB3-9453-424C-AACB-23C30064FCB6}.ComicsUpdater.Release|Any CPU.Build.0 = ComicsUpdater.Release|Any CPU
		{BB418CB3-9453-424C-AACB-23C30064FCB6}.Debug|Any CPU.ActiveCfg = Debug|Any CPU
		{BB418CB3-9453-424C-AACB-23C30064FCB6}.Debug|Any CPU.Build.0 = Debug|Any CPU
		{BB418CB3-9453-424C-AACB-23C30064FCB6}.Release|Any CPU.ActiveCfg = Release|Any CPU
		{BB418CB3-9453-424C-AACB-23C30064FCB6}.Release|Any CPU.Build.0 = Release|Any CPU
		{BB418CB3-9453-424C-AACB-23C30064FCB6}.RssUpdater.Release|Any CPU.ActiveCfg = RssUpdater.Release|Any CPU
		{BB418CB3-9453-424C-AACB-23C30064FCB6}.RssUpdater.Release|Any CPU.Build.0 = RssUpdater.Release|Any CPU
		{BB418CB3-9453-424C-AACB-23C30064FCB6}.VM|Any CPU.ActiveCfg = VM|Any CPU
		{BB418CB3-9453-424C-AACB-23C30064FCB6}.VM|Any CPU.Build.0 = VM|Any CPU
		{BB418CB3-9453-424C-AACB-23C30064FCB6}.Web.Release|Any CPU.ActiveCfg = Web.Release|Any CPU
		{BB418CB3-9453-424C-AACB-23C30064FCB6}.Web.Release|Any CPU.Build.0 = Web.Release|Any CPU
		{875D3531-29A5-4CD3-8770-44CBCE5C35BD}.ComicsUpdater.Release|Any CPU.ActiveCfg = ComicsUpdater.Release|Any CPU
		{875D3531-29A5-4CD3-8770-44CBCE5C35BD}.ComicsUpdater.Release|Any CPU.Build.0 = ComicsUpdater.Release|Any CPU
		{875D3531-29A5-4CD3-8770-44CBCE5C35BD}.Debug|Any CPU.ActiveCfg = Debug|Any CPU
		{875D3531-29A5-4CD3-8770-44CBCE5C35BD}.Debug|Any CPU.Build.0 = Debug|Any CPU
		{875D3531-29A5-4CD3-8770-44CBCE5C35BD}.Release|Any CPU.ActiveCfg = Release|Any CPU
		{875D3531-29A5-4CD3-8770-44CBCE5C35BD}.Release|Any CPU.Build.0 = Release|Any CPU
		{875D3531-29A5-4CD3-8770-44CBCE5C35BD}.RssUpdater.Release|Any CPU.ActiveCfg = RssUpdater.Release|Any CPU
		{875D3531-29A5-4CD3-8770-44CBCE5C35BD}.RssUpdater.Release|Any CPU.Build.0 = RssUpdater.Release|Any CPU
		{875D3531-29A5-4CD3-8770-44CBCE5C35BD}.VM|Any CPU.ActiveCfg = VM|Any CPU
		{875D3531-29A5-4CD3-8770-44CBCE5C35BD}.VM|Any CPU.Build.0 = VM|Any CPU
		{875D3531-29A5-4CD3-8770-44CBCE5C35BD}.Web.Release|Any CPU.ActiveCfg = Web.Release|Any CPU
		{875D3531-29A5-4CD3-8770-44CBCE5C35BD}.Web.Release|Any CPU.Build.0 = Web.Release|Any CPU
		{A3D32AF0-700C-4506-9AF2-7C2987A1BF0C}.ComicsUpdater.Release|Any CPU.ActiveCfg = ComicsUpdater.Release|Any CPU
		{A3D32AF0-700C-4506-9AF2-7C2987A1BF0C}.ComicsUpdater.Release|Any CPU.Build.0 = ComicsUpdater.Release|Any CPU
		{A3D32AF0-700C-4506-9AF2-7C2987A1BF0C}.Debug|Any CPU.ActiveCfg = Debug|Any CPU
		{A3D32AF0-700C-4506-9AF2-7C2987A1BF0C}.Debug|Any CPU.Build.0 = Debug|Any CPU
		{A3D32AF0-700C-4506-9AF2-7C2987A1BF0C}.Release|Any CPU.ActiveCfg = Release|Any CPU
		{A3D32AF0-700C-4506-9AF2-7C2987A1BF0C}.Release|Any CPU.Build.0 = Release|Any CPU
		{A3D32AF0-700C-4506-9AF2-7C2987A1BF0C}.RssUpdater.Release|Any CPU.ActiveCfg = RssUpdater.Release|Any CPU
		{A3D32AF0-700C-4506-9AF2-7C2987A1BF0C}.RssUpdater.Release|Any CPU.Build.0 = RssUpdater.Release|Any CPU
		{A3D32AF0-700C-4506-9AF2-7C2987A1BF0C}.VM|Any CPU.ActiveCfg = VM|Any CPU
		{A3D32AF0-700C-4506-9AF2-7C2987A1BF0C}.VM|Any CPU.Build.0 = VM|Any CPU
		{A3D32AF0-700C-4506-9AF2-7C2987A1BF0C}.Web.Release|Any CPU.ActiveCfg = Web.Release|Any CPU
		{A3D32AF0-700C-4506-9AF2-7C2987A1BF0C}.Web.Release|Any CPU.Build.0 = Web.Release|Any CPU
		{EC755B89-A04A-4B4C-9CA0-B8E7D6FC81D5}.ComicsUpdater.Release|Any CPU.ActiveCfg = ComicsUpdater.Release|Any CPU
		{EC755B89-A04A-4B4C-9CA0-B8E7D6FC81D5}.ComicsUpdater.Release|Any CPU.Build.0 = ComicsUpdater.Release|Any CPU
		{EC755B89-A04A-4B4C-9CA0-B8E7D6FC81D5}.Debug|Any CPU.ActiveCfg = Debug|Any CPU
		{EC755B89-A04A-4B4C-9CA0-B8E7D6FC81D5}.Debug|Any CPU.Build.0 = Debug|Any CPU
		{EC755B89-A04A-4B4C-9CA0-B8E7D6FC81D5}.Release|Any CPU.ActiveCfg = Release|Any CPU
		{EC755B89-A04A-4B4C-9CA0-B8E7D6FC81D5}.Release|Any CPU.Build.0 = Release|Any CPU
		{EC755B89-A04A-4B4C-9CA0-B8E7D6FC81D5}.RssUpdater.Release|Any CPU.ActiveCfg = RssUpdater.Release|Any CPU
		{EC755B89-A04A-4B4C-9CA0-B8E7D6FC81D5}.RssUpdater.Release|Any CPU.Build.0 = RssUpdater.Release|Any CPU
		{EC755B89-A04A-4B4C-9CA0-B8E7D6FC81D5}.VM|Any CPU.ActiveCfg = VM|Any CPU
		{EC755B89-A04A-4B4C-9CA0-B8E7D6FC81D5}.VM|Any CPU.Build.0 = VM|Any CPU
		{EC755B89-A04A-4B4C-9CA0-B8E7D6FC81D5}.Web.Release|Any CPU.ActiveCfg = Web.Release|Any CPU
		{EC755B89-A04A-4B4C-9CA0-B8E7D6FC81D5}.Web.Release|Any CPU.Build.0 = Web.Release|Any CPU
		{4C29CE59-376F-4348-968D-11E67C851D53}.ComicsUpdater.Release|Any CPU.ActiveCfg = ComicsUpdater.Release|Any CPU
		{4C29CE59-376F-4348-968D-11E67C851D53}.ComicsUpdater.Release|Any CPU.Build.0 = ComicsUpdater.Release|Any CPU
		{4C29CE59-376F-4348-968D-11E67C851D53}.Debug|Any CPU.ActiveCfg = Debug|Any CPU
		{4C29CE59-376F-4348-968D-11E67C851D53}.Debug|Any CPU.Build.0 = Debug|Any CPU
		{4C29CE59-376F-4348-968D-11E67C851D53}.Release|Any CPU.ActiveCfg = Release|Any CPU
		{4C29CE59-376F-4348-968D-11E67C851D53}.Release|Any CPU.Build.0 = Release|Any CPU
		{4C29CE59-376F-4348-968D-11E67C851D53}.RssUpdater.Release|Any CPU.ActiveCfg = RssUpdater.Release|Any CPU
		{4C29CE59-376F-4348-968D-11E67C851D53}.RssUpdater.Release|Any CPU.Build.0 = RssUpdater.Release|Any CPU
		{4C29CE59-376F-4348-968D-11E67C851D53}.VM|Any CPU.ActiveCfg = VM|Any CPU
		{4C29CE59-376F-4348-968D-11E67C851D53}.VM|Any CPU.Build.0 = VM|Any CPU
		{4C29CE59-376F-4348-968D-11E67C851D53}.Web.Release|Any CPU.ActiveCfg = Web.Release|Any CPU
		{4C29CE59-376F-4348-968D-11E67C851D53}.Web.Release|Any CPU.Build.0 = Web.Release|Any CPU
		{6D7E0BD9-7FE8-40D6-A258-8DA736598ED1}.ComicsUpdater.Release|Any CPU.ActiveCfg = ComicsUpdater.Release|Any CPU
		{6D7E0BD9-7FE8-40D6-A258-8DA736598ED1}.ComicsUpdater.Release|Any CPU.Build.0 = ComicsUpdater.Release|Any CPU
		{6D7E0BD9-7FE8-40D6-A258-8DA736598ED1}.Debug|Any CPU.ActiveCfg = Debug|Any CPU
		{6D7E0BD9-7FE8-40D6-A258-8DA736598ED1}.Debug|Any CPU.Build.0 = Debug|Any CPU
		{6D7E0BD9-7FE8-40D6-A258-8DA736598ED1}.Release|Any CPU.ActiveCfg = Release|Any CPU
		{6D7E0BD9-7FE8-40D6-A258-8DA736598ED1}.Release|Any CPU.Build.0 = Release|Any CPU
		{6D7E0BD9-7FE8-40D6-A258-8DA736598ED1}.RssUpdater.Release|Any CPU.ActiveCfg = RssUpdater.Release|Any CPU
		{6D7E0BD9-7FE8-40D6-A258-8DA736598ED1}.RssUpdater.Release|Any CPU.Build.0 = RssUpdater.Release|Any CPU
		{6D7E0BD9-7FE8-40D6-A258-8DA736598ED1}.VM|Any CPU.ActiveCfg = VM|Any CPU
		{6D7E0BD9-7FE8-40D6-A258-8DA736598ED1}.VM|Any CPU.Build.0 = VM|Any CPU
		{6D7E0BD9-7FE8-40D6-A258-8DA736598ED1}.Web.Release|Any CPU.ActiveCfg = Web.Release|Any CPU
		{6D7E0BD9-7FE8-40D6-A258-8DA736598ED1}.Web.Release|Any CPU.Build.0 = Web.Release|Any CPU
		{779BF539-C513-4ACA-B969-00B960DF54C6}.ComicsUpdater.Release|Any CPU.ActiveCfg = Release|Any CPU
		{779BF539-C513-4ACA-B969-00B960DF54C6}.ComicsUpdater.Release|Any CPU.Build.0 = Release|Any CPU
		{779BF539-C513-4ACA-B969-00B960DF54C6}.Debug|Any CPU.ActiveCfg = Debug|Any CPU
		{779BF539-C513-4ACA-B969-00B960DF54C6}.Debug|Any CPU.Build.0 = Debug|Any CPU
		{779BF539-C513-4ACA-B969-00B960DF54C6}.Release|Any CPU.ActiveCfg = Release|Any CPU
		{779BF539-C513-4ACA-B969-00B960DF54C6}.Release|Any CPU.Build.0 = Release|Any CPU
		{779BF539-C513-4ACA-B969-00B960DF54C6}.RssUpdater.Release|Any CPU.ActiveCfg = Release|Any CPU
		{779BF539-C513-4ACA-B969-00B960DF54C6}.RssUpdater.Release|Any CPU.Build.0 = Release|Any CPU
		{779BF539-C513-4ACA-B969-00B960DF54C6}.VM|Any CPU.ActiveCfg = Release|Any CPU
		{779BF539-C513-4ACA-B969-00B960DF54C6}.VM|Any CPU.Build.0 = Release|Any CPU
		{779BF539-C513-4ACA-B969-00B960DF54C6}.Web.Release|Any CPU.ActiveCfg = Release|Any CPU
		{779BF539-C513-4ACA-B969-00B960DF54C6}.Web.Release|Any CPU.Build.0 = Release|Any CPU
	EndGlobalSection
	GlobalSection(SolutionProperties) = preSolution
		HideSolutionNode = FALSE
	EndGlobalSection
	GlobalSection(ExtensibilityGlobals) = postSolution
		SolutionGuid = {92332BAA-1EB3-4CD8-A636-482806952F67}
	EndGlobalSection
EndGlobal
